
Microsoft Visual Studio Solution File, Format Version 12.00
# Visual Studio Version 16
VisualStudioVersion = 16.0.30804.86
MinimumVisualStudioVersion = 10.0.40219.1
Project("{FAE04EC0-301F-11D3-BF4B-00C04F79EFBC}") = "TestProgrammationConformit", "TestProgrammationConformit\TestProgrammationConformit.csproj", "{C9242D42-44F5-45D5-88CF-82D9979FDD02}"
EndProject
Project("{E53339B2-1760-4266-BCC7-CA923CBCF16C}") = "docker-compose", "docker-compose.dcproj", "{07C10309-AC43-4E30-A245-6DB6E88DCCAF}"
EndProject
Global
	GlobalSection(SolutionConfigurationPlatforms) = preSolution
		Debug|Any CPU = Debug|Any CPU
		Release|Any CPU = Release|Any CPU
	EndGlobalSection
	GlobalSection(ProjectConfigurationPlatforms) = postSolution
		{C9242D42-44F5-45D5-88CF-82D9979FDD02}.Debug|Any CPU.ActiveCfg = Debug|Any CPU
		{C9242D42-44F5-45D5-88CF-82D9979FDD02}.Debug|Any CPU.Build.0 = Debug|Any CPU
		{C9242D42-44F5-45D5-88CF-82D9979FDD02}.Release|Any CPU.ActiveCfg = Release|Any CPU
		{C9242D42-44F5-45D5-88CF-82D9979FDD02}.Release|Any CPU.Build.0 = Release|Any CPU
		{07C10309-AC43-4E30-A245-6DB6E88DCCAF}.Debug|Any CPU.ActiveCfg = Debug|Any CPU
		{07C10309-AC43-4E30-A245-6DB6E88DCCAF}.Debug|Any CPU.Build.0 = Debug|Any CPU
		{07C10309-AC43-4E30-A245-6DB6E88DCCAF}.Release|Any CPU.ActiveCfg = Release|Any CPU
		{07C10309-AC43-4E30-A245-6DB6E88DCCAF}.Release|Any CPU.Build.0 = Release|Any CPU
	EndGlobalSection
	GlobalSection(SolutionProperties) = preSolution
		HideSolutionNode = FALSE
	EndGlobalSection
	GlobalSection(ExtensibilityGlobals) = postSolution
		SolutionGuid = {78AD9453-BD7F-408C-B11B-077223489C57}
	EndGlobalSection
EndGlobal
